
Microsoft Visual Studio Solution File, Format Version 12.00
# Visual Studio 2013
VisualStudioVersion = 12.0.21005.1
MinimumVisualStudioVersion = 10.0.40219.1
Project("{FAE04EC0-301F-11D3-BF4B-00C04F79EFBC}") = "Rejime", "Rejime\Rejime.csproj", "{27DE0DAC-19A8-409A-9F57-51A17B3B2472}"
EndProject
Global
	GlobalSection(SolutionConfigurationPlatforms) = preSolution
		Debug|Any CPU = Debug|Any CPU
		Release|Any CPU = Release|Any CPU
	EndGlobalSection
	GlobalSection(ProjectConfigurationPlatforms) = postSolution
		{27DE0DAC-19A8-409A-9F57-51A17B3B2472}.Debug|Any CPU.ActiveCfg = Debug|Any CPU
		{27DE0DAC-19A8-409A-9F57-51A17B3B2472}.Debug|Any CPU.Build.0 = Debug|Any CPU
		{27DE0DAC-19A8-409A-9F57-51A17B3B2472}.Release|Any CPU.ActiveCfg = Release|Any CPU
		{27DE0DAC-19A8-409A-9F57-51A17B3B2472}.Release|Any CPU.Build.0 = Release|Any CPU
	EndGlobalSection
	GlobalSection(SolutionProperties) = preSolution
		HideSolutionNode = FALSE
	EndGlobalSection
EndGlobal
